
Microsoft Visual Studio Solution File, Format Version 12.00
# Visual Studio Version 17
VisualStudioVersion = 17.2.32602.215
MinimumVisualStudioVersion = 10.0.40219.1
Project("{9A19103F-16F7-4668-BE54-9A1E7A4F7556}") = "Chat.Web", "Chat.Web\Chat.Web.csproj", "{71B6A809-9F9E-4733-8EF8-2C5F09518C8F}"
EndProject
Project("{9A19103F-16F7-4668-BE54-9A1E7A4F7556}") = "Chat.Infrastructure", "Chat.Infrastructure\Chat.Infrastructure.csproj", "{1EE83D6F-3319-4CD0-A41B-A47F70264130}"
EndProject
Project("{9A19103F-16F7-4668-BE54-9A1E7A4F7556}") = "Chat.Application", "Chat.Application\Chat.Application.csproj", "{FD8B9018-CFFB-4935-8D59-93660E5CE7B1}"
EndProject
Project("{9A19103F-16F7-4668-BE54-9A1E7A4F7556}") = "Chat.Tests", "Chat.Tests\Chat.Tests.csproj", "{8527D7B7-68D8-42E0-9056-5695FDF90FE3}"
EndProject
Project("{2150E333-8FDC-42A3-9474-1A3956D46DE8}") = "Tests", "Tests", "{586DBC07-EF21-41F8-AF04-27DC4DA44C72}"
EndProject
Global
	GlobalSection(SolutionConfigurationPlatforms) = preSolution
		Debug|Any CPU = Debug|Any CPU
		Release|Any CPU = Release|Any CPU
	EndGlobalSection
	GlobalSection(ProjectConfigurationPlatforms) = postSolution
		{71B6A809-9F9E-4733-8EF8-2C5F09518C8F}.Debug|Any CPU.ActiveCfg = Debug|Any CPU
		{71B6A809-9F9E-4733-8EF8-2C5F09518C8F}.Debug|Any CPU.Build.0 = Debug|Any CPU
		{71B6A809-9F9E-4733-8EF8-2C5F09518C8F}.Release|Any CPU.ActiveCfg = Release|Any CPU
		{71B6A809-9F9E-4733-8EF8-2C5F09518C8F}.Release|Any CPU.Build.0 = Release|Any CPU
		{1EE83D6F-3319-4CD0-A41B-A47F70264130}.Debug|Any CPU.ActiveCfg = Debug|Any CPU
		{1EE83D6F-3319-4CD0-A41B-A47F70264130}.Debug|Any CPU.Build.0 = Debug|Any CPU
		{1EE83D6F-3319-4CD0-A41B-A47F70264130}.Release|Any CPU.ActiveCfg = Release|Any CPU
		{1EE83D6F-3319-4CD0-A41B-A47F70264130}.Release|Any CPU.Build.0 = Release|Any CPU
		{FD8B9018-CFFB-4935-8D59-93660E5CE7B1}.Debug|Any CPU.ActiveCfg = Debug|Any CPU
		{FD8B9018-CFFB-4935-8D59-93660E5CE7B1}.Debug|Any CPU.Build.0 = Debug|Any CPU
		{FD8B9018-CFFB-4935-8D59-93660E5CE7B1}.Release|Any CPU.ActiveCfg = Release|Any CPU
		{FD8B9018-CFFB-4935-8D59-93660E5CE7B1}.Release|Any CPU.Build.0 = Release|Any CPU
		{8527D7B7-68D8-42E0-9056-5695FDF90FE3}.Debug|Any CPU.ActiveCfg = Debug|Any CPU
		{8527D7B7-68D8-42E0-9056-5695FDF90FE3}.Debug|Any CPU.Build.0 = Debug|Any CPU
		{8527D7B7-68D8-42E0-9056-5695FDF90FE3}.Release|Any CPU.ActiveCfg = Release|Any CPU
		{8527D7B7-68D8-42E0-9056-5695FDF90FE3}.Release|Any CPU.Build.0 = Release|Any CPU
	EndGlobalSection
	GlobalSection(SolutionProperties) = preSolution
		HideSolutionNode = FALSE
	EndGlobalSection
	GlobalSection(NestedProjects) = preSolution
		{8527D7B7-68D8-42E0-9056-5695FDF90FE3} = {586DBC07-EF21-41F8-AF04-27DC4DA44C72}
	EndGlobalSection
	GlobalSection(ExtensibilityGlobals) = postSolution
		SolutionGuid = {87CCC381-902B-481F-AC1C-090004B3E8C0}
	EndGlobalSection
EndGlobal
